
Microsoft Visual Studio Solution File, Format Version 12.00
# Visual Studio Version 17
VisualStudioVersion = 17.11.35017.193
MinimumVisualStudioVersion = 10.0.40219.1
Project("{FAE04EC0-301F-11D3-BF4B-00C04F79EFBC}") = "Reflection", "Reflection.csproj", "{5387272D-3454-432E-9BA1-F6598E058D32}"
EndProject
Global
	GlobalSection(SolutionConfigurationPlatforms) = preSolution
		Debug|Any CPU = Debug|Any CPU
		Release|Any CPU = Release|Any CPU
	EndGlobalSection
	GlobalSection(ProjectConfigurationPlatforms) = postSolution
		{5387272D-3454-432E-9BA1-F6598E058D32}.Debug|Any CPU.ActiveCfg = Debug|Any CPU
		{5387272D-3454-432E-9BA1-F6598E058D32}.Debug|Any CPU.Build.0 = Debug|Any CPU
		{5387272D-3454-432E-9BA1-F6598E058D32}.Release|Any CPU.ActiveCfg = Release|Any CPU
		{5387272D-3454-432E-9BA1-F6598E058D32}.Release|Any CPU.Build.0 = Release|Any CPU
	EndGlobalSection
	GlobalSection(SolutionProperties) = preSolution
		HideSolutionNode = FALSE
	EndGlobalSection
	GlobalSection(ExtensibilityGlobals) = postSolution
		SolutionGuid = {1030C32B-CBC8-4843-B0B2-9859A2A09F99}
	EndGlobalSection
EndGlobal
